
Microsoft Visual Studio Solution File, Format Version 12.00
# Visual Studio Version 17
VisualStudioVersion = 17.0.31919.166
MinimumVisualStudioVersion = 10.0.40219.1
Project("{FAE04EC0-301F-11D3-BF4B-00C04F79EFBC}") = "web.api", "web.api\web.api.csproj", "{3943C66F-A335-479F-AE19-E607D313A805}"
EndProject
Global
	GlobalSection(SolutionConfigurationPlatforms) = preSolution
		Debug|Any CPU = Debug|Any CPU
		Release|Any CPU = Release|Any CPU
	EndGlobalSection
	GlobalSection(ProjectConfigurationPlatforms) = postSolution
		{3943C66F-A335-479F-AE19-E607D313A805}.Debug|Any CPU.ActiveCfg = Debug|Any CPU
		{3943C66F-A335-479F-AE19-E607D313A805}.Debug|Any CPU.Build.0 = Debug|Any CPU
		{3943C66F-A335-479F-AE19-E607D313A805}.Release|Any CPU.ActiveCfg = Release|Any CPU
		{3943C66F-A335-479F-AE19-E607D313A805}.Release|Any CPU.Build.0 = Release|Any CPU
	EndGlobalSection
	GlobalSection(SolutionProperties) = preSolution
		HideSolutionNode = FALSE
	EndGlobalSection
	GlobalSection(ExtensibilityGlobals) = postSolution
		SolutionGuid = {BE8F4321-C96C-44E3-8D61-416F219CF6C5}
	EndGlobalSection
EndGlobal
