
Microsoft Visual Studio Solution File, Format Version 12.00
# Visual Studio Version 17
VisualStudioVersion = 17.0.31919.166
MinimumVisualStudioVersion = 10.0.40219.1
Project("{2150E333-8FDC-42A3-9474-1A3956D46DE8}") = "src", "src", "{7FC37F04-970C-4EB5-AEB5-4071EA428527}"
EndProject
Project("{2150E333-8FDC-42A3-9474-1A3956D46DE8}") = "tests", "tests", "{CCBDEF27-4151-477B-902F-2146BBA1AA00}"
EndProject
Project("{2150E333-8FDC-42A3-9474-1A3956D46DE8}") = "Solution items", "Solution items", "{8B55DDEB-0EA9-41BD-B59A-91E06CEAA3B9}"
EndProject
Project("{9A19103F-16F7-4668-BE54-9A1E7A4F7556}") = "Application", "src\ApplicationCore\Application.csproj", "{0944968B-B727-40DB-BEEF-CEAA5170DCBB}"
EndProject
Project("{9A19103F-16F7-4668-BE54-9A1E7A4F7556}") = "Infrastructure", "src\Infrastructure\Infrastructure.csproj", "{A33E8FD0-FDED-4467-B748-0980336DF3BC}"
EndProject
Project("{9A19103F-16F7-4668-BE54-9A1E7A4F7556}") = "PublicApi", "src\PublicApi\PublicApi.csproj", "{C3466BA8-56E3-434F-87C2-E9E3034C6ED6}"
EndProject
Project("{9A19103F-16F7-4668-BE54-9A1E7A4F7556}") = "Domain", "src\Domain\Domain.csproj", "{D7377302-F724-4923-9186-2F65E29BFF0E}"
EndProject
Global
	GlobalSection(SolutionConfigurationPlatforms) = preSolution
		Debug|Any CPU = Debug|Any CPU
		Release|Any CPU = Release|Any CPU
	EndGlobalSection
	GlobalSection(ProjectConfigurationPlatforms) = postSolution
		{0944968B-B727-40DB-BEEF-CEAA5170DCBB}.Debug|Any CPU.ActiveCfg = Debug|Any CPU
		{0944968B-B727-40DB-BEEF-CEAA5170DCBB}.Debug|Any CPU.Build.0 = Debug|Any CPU
		{0944968B-B727-40DB-BEEF-CEAA5170DCBB}.Release|Any CPU.ActiveCfg = Release|Any CPU
		{0944968B-B727-40DB-BEEF-CEAA5170DCBB}.Release|Any CPU.Build.0 = Release|Any CPU
		{A33E8FD0-FDED-4467-B748-0980336DF3BC}.Debug|Any CPU.ActiveCfg = Debug|Any CPU
		{A33E8FD0-FDED-4467-B748-0980336DF3BC}.Debug|Any CPU.Build.0 = Debug|Any CPU
		{A33E8FD0-FDED-4467-B748-0980336DF3BC}.Release|Any CPU.ActiveCfg = Release|Any CPU
		{A33E8FD0-FDED-4467-B748-0980336DF3BC}.Release|Any CPU.Build.0 = Release|Any CPU
		{C3466BA8-56E3-434F-87C2-E9E3034C6ED6}.Debug|Any CPU.ActiveCfg = Debug|Any CPU
		{C3466BA8-56E3-434F-87C2-E9E3034C6ED6}.Debug|Any CPU.Build.0 = Debug|Any CPU
		{C3466BA8-56E3-434F-87C2-E9E3034C6ED6}.Release|Any CPU.ActiveCfg = Release|Any CPU
		{C3466BA8-56E3-434F-87C2-E9E3034C6ED6}.Release|Any CPU.Build.0 = Release|Any CPU
		{D7377302-F724-4923-9186-2F65E29BFF0E}.Debug|Any CPU.ActiveCfg = Debug|Any CPU
		{D7377302-F724-4923-9186-2F65E29BFF0E}.Debug|Any CPU.Build.0 = Debug|Any CPU
		{D7377302-F724-4923-9186-2F65E29BFF0E}.Release|Any CPU.ActiveCfg = Release|Any CPU
		{D7377302-F724-4923-9186-2F65E29BFF0E}.Release|Any CPU.Build.0 = Release|Any CPU
	EndGlobalSection
	GlobalSection(SolutionProperties) = preSolution
		HideSolutionNode = FALSE
	EndGlobalSection
	GlobalSection(NestedProjects) = preSolution
		{0944968B-B727-40DB-BEEF-CEAA5170DCBB} = {7FC37F04-970C-4EB5-AEB5-4071EA428527}
		{A33E8FD0-FDED-4467-B748-0980336DF3BC} = {7FC37F04-970C-4EB5-AEB5-4071EA428527}
		{C3466BA8-56E3-434F-87C2-E9E3034C6ED6} = {7FC37F04-970C-4EB5-AEB5-4071EA428527}
		{D7377302-F724-4923-9186-2F65E29BFF0E} = {7FC37F04-970C-4EB5-AEB5-4071EA428527}
	EndGlobalSection
	GlobalSection(ExtensibilityGlobals) = postSolution
		SolutionGuid = {BE8F4321-C96C-44E3-8D61-416F219CF6C5}
	EndGlobalSection
EndGlobal
